// !$*UTF8*$!
{
	archiveVersion = 1;
	classes = {
	};
	objectVersion = 90;
	objects = {

/* Begin PBXBuildFile section */
		1A0000011A0000010000001 /* CircularTimelineApp.swift in Sources */ = {isa = PBXBuildFile; fileRef = 1A0000021A0000010000001 /* CircularTimelineApp.swift */; };
		1A0000031A0000010000001 /* ContentView.swift in Sources */ = {isa = PBXBuildFile; fileRef = 1A0000041A0000010000001 /* ContentView.swift */; };
		1A0000051A0000010000001 /* CircularTimelineView.swift in Sources */ = {isa = PBXBuildFile; fileRef = 1A0000061A0000010000001 /* CircularTimelineView.swift */; };
		1A0000071A0000010000001 /* AvatarGroupView.swift in Sources */ = {isa = PBXBuildFile; fileRef = 1A0000081A0000010000001 /* AvatarGroupView.swift */; };
		1A0000091A0000010000001 /* InteractionArcView.swift in Sources */ = {isa = PBXBuildFile; fileRef = 1A00000A1A0000010000001 /* InteractionArcView.swift */; };
		1A00000B1A0000010000001 /* CalendarStripView.swift in Sources */ = {isa = PBXBuildFile; fileRef = 1A00000C1A0000010000001 /* CalendarStripView.swift */; };
		1A00000D1A0000010000001 /* CenterContentView.swift in Sources */ = {isa = PBXBuildFile; fileRef = 1A00000E1A0000010000001 /* CenterContentView.swift */; };
		1A00000F1A0000010000001 /* HourMarkerView.swift in Sources */ = {isa = PBXBuildFile; fileRef = 1A0000101A0000010000001 /* HourMarkerView.swift */; };
		1A0000111A0000010000001 /* PreviewWheelView.swift in Sources */ = {isa = PBXBuildFile; fileRef = 1A0000121A0000010000001 /* PreviewWheelView.swift */; };
		1A0000131A0000010000001 /* Assets.xcassets in Resources */ = {isa = PBXBuildFile; fileRef = 1A0000141A0000010000001 /* Assets.xcassets */; };
/* End PBXBuildFile section */

/* Begin PBXFileReference section */
		1A0000001A0000010000001 /* CircularTimelineContacts.app */ = {isa = PBXFileReference; explicitFileType = wrapper.application; includeInIndex = 0; path = CircularTimelineContacts.app; sourceTree = BUILT_PRODUCTS_DIR; };
		1A0000021A0000010000001 /* CircularTimelineApp.swift */ = {isa = PBXFileReference; lastKnownFileType = sourcecode.swift; path = CircularTimelineApp.swift; sourceTree = "<group>"; };
		1A0000041A0000010000001 /* ContentView.swift */ = {isa = PBXFileReference; lastKnownFileType = sourcecode.swift; path = ContentView.swift; sourceTree = "<group>"; };
		1A0000061A0000010000001 /* CircularTimelineView.swift */ = {isa = PBXFileReference; lastKnownFileType = sourcecode.swift; path = CircularTimelineView.swift; sourceTree = "<group>"; };
		1A0000081A0000010000001 /* AvatarGroupView.swift */ = {isa = PBXFileReference; lastKnownFileType = sourcecode.swift; path = AvatarGroupView.swift; sourceTree = "<group>"; };
		1A00000A1A0000010000001 /* InteractionArcView.swift */ = {isa = PBXFileReference; lastKnownFileType = sourcecode.swift; path = InteractionArcView.swift; sourceTree = "<group>"; };
		1A00000C1A0000010000001 /* CalendarStripView.swift */ = {isa = PBXFileReference; lastKnownFileType = sourcecode.swift; path = CalendarStripView.swift; sourceTree = "<group>"; };
		1A00000E1A0000010000001 /* CenterContentView.swift */ = {isa = PBXFileReference; lastKnownFileType = sourcecode.swift; path = CenterContentView.swift; sourceTree = "<group>"; };
		1A0000101A0000010000001 /* HourMarkerView.swift */ = {isa = PBXFileReference; lastKnownFileType = sourcecode.swift; path = HourMarkerView.swift; sourceTree = "<group>"; };
		1A0000121A0000010000001 /* PreviewWheelView.swift */ = {isa = PBXFileReference; lastKnownFileType = sourcecode.swift; path = PreviewWheelView.swift; sourceTree = "<group>"; };
		1A0000141A0000010000001 /* Assets.xcassets */ = {isa = PBXFileReference; lastKnownFileType = folder.assetcatalog; path = Assets.xcassets; sourceTree = "<group>"; };
		1A0000151A0000010000001 /* Info.plist */ = {isa = PBXFileReference; lastKnownFileType = text.plist.xml; path = Info.plist; sourceTree = "<group>"; };
/* End PBXFileReference section */

/* Begin PBXFrameworksBuildPhase section */
		1A0000161A0000010000001 /* Frameworks */ = {
			isa = PBXFrameworksBuildPhase;
			files = (
			);
		};
/* End PBXFrameworksBuildPhase section */

/* Begin PBXGroup section */
		1A0000171A0000010000001 = {
			isa = PBXGroup;
			children = (
				1A0000181A0000010000001 /* CircularTimelineContacts */,
				1A0000191A0000010000001 /* Products */,
			);
			sourceTree = "<group>";
		};
		1A0000181A0000010000001 /* CircularTimelineContacts */ = {
			isa = PBXGroup;
			children = (
				1A0000021A0000010000001 /* CircularTimelineApp.swift */,
				1A0000041A0000010000001 /* ContentView.swift */,
				1A0000061A0000010000001 /* CircularTimelineView.swift */,
				1A0000081A0000010000001 /* AvatarGroupView.swift */,
				1A00000A1A0000010000001 /* InteractionArcView.swift */,
				1A00000C1A0000010000001 /* CalendarStripView.swift */,
				1A00000E1A0000010000001 /* CenterContentView.swift */,
				1A0000101A0000010000001 /* HourMarkerView.swift */,
				1A0000121A0000010000001 /* PreviewWheelView.swift */,
				1A0000141A0000010000001 /* Assets.xcassets */,
				1A0000151A0000010000001 /* Info.plist */,
			);
			path = CircularTimelineContacts;
			sourceTree = "<group>";
		};
		1A0000191A0000010000001 /* Products */ = {
			isa = PBXGroup;
			children = (
				1A0000001A0000010000001 /* CircularTimelineContacts.app */,
			);
			name = Products;
			sourceTree = "<group>";
		};
/* End PBXGroup section */

/* Begin PBXNativeTarget section */
		1A00001A1A0000010000001 /* CircularTimelineContacts */ = {
			isa = PBXNativeTarget;
			buildConfigurationList = 1A00001B1A0000010000001 /* Build configuration list for PBXNativeTarget "CircularTimelineContacts" */;
			buildPhases = (
				1A00001C1A0000010000001 /* Sources */,
				1A0000161A0000010000001 /* Frameworks */,
				1A00001D1A0000010000001 /* Resources */,
			);
			buildRules = (
			);
			name = CircularTimelineContacts;
			productName = CircularTimelineContacts;
			productReference = 1A0000001A0000010000001 /* CircularTimelineContacts.app */;
			productType = "com.apple.product-type.application";
		};
/* End PBXNativeTarget section */

/* Begin PBXProject section */
		1A00001E1A0000010000001 /* Project object */ = {
			isa = PBXProject;
			attributes = {
				BuildIndependentTargetsInParallel = 1;
				LastSwiftUpdateCheck = 1540;
				LastUpgradeCheck = 1540;
				TargetAttributes = {
					1A00001A1A0000010000001 = {
						CreatedOnToolsVersion = 15.4;
					};
				};
			};
			buildConfigurationList = 1A00001F1A0000010000001 /* Build configuration list for PBXProject "CircularTimelineContacts" */;
			developmentRegion = en;
			hasScannedForEncodings = 0;
			knownRegions = (
				en,
				Base,
			);
			mainGroup = 1A0000171A0000010000001;
			preferredProjectObjectVersion = 90;
			productRefGroup = 1A0000191A0000010000001 /* Products */;
			projectDirPath = "";
			projectRoot = "";
			targets = (
				1A00001A1A0000010000001 /* CircularTimelineContacts */,
			);
		};
/* End PBXProject section */

/* Begin PBXResourcesBuildPhase section */
		1A00001D1A0000010000001 /* Resources */ = {
			isa = PBXResourcesBuildPhase;
			files = (
				1A0000131A0000010000001 /* Assets.xcassets in Resources */,
			);
		};
/* End PBXResourcesBuildPhase section */

/* Begin PBXSourcesBuildPhase section */
		1A00001C1A0000010000001 /* Sources */ = {
			isa = PBXSourcesBuildPhase;
			files = (
				1A0000011A0000010000001 /* CircularTimelineApp.swift in Sources */,
				1A0000031A0000010000001 /* ContentView.swift in Sources */,
				1A0000051A0000010000001 /* CircularTimelineView.swift in Sources */,
				1A0000071A0000010000001 /* AvatarGroupView.swift in Sources */,
				1A0000091A0000010000001 /* InteractionArcView.swift in Sources */,
				1A00000B1A0000010000001 /* CalendarStripView.swift in Sources */,
				1A00000D1A0000010000001 /* CenterContentView.swift in Sources */,
				1A00000F1A0000010000001 /* HourMarkerView.swift in Sources */,
				1A0000111A0000010000001 /* PreviewWheelView.swift in Sources */,
			);
		};
/* End PBXSourcesBuildPhase section */

/* Begin XCBuildConfiguration section */
		1A0000201A0000010000001 /* Debug configuration for PBXProject "CircularTimelineContacts" */ = {
			isa = XCBuildConfiguration;
			buildSettings = {
				ALWAYS_SEARCH_USER_PATHS = NO;
				ASSETCATALOG_COMPILER_GENERATE_SWIFT_ASSET_SYMBOL_EXTENSIONS = YES;
				CLANG_ANALYZER_NONNULL = YES;
				CLANG_ANALYZER_NUMBER_OBJECT_CONVERSION = YES_AGGRESSIVE;
				CLANG_CXX_LANGUAGE_STANDARD = "gnu++20";
				CLANG_ENABLE_MODULES = YES;
				CLANG_ENABLE_OBJC_ARC = YES;
				CLANG_ENABLE_OBJC_WEAK = YES;
				CLANG_WARN_BLOCK_CAPTURE_AUTORELEASING = YES;
				CLANG_WARN_BOOL_CONVERSION = YES;
				CLANG_WARN_COMMA = YES;
				CLANG_WARN_CONSTANT_CONVERSION = YES;
				CLANG_WARN_DEPRECATED_OBJC_IMPLEMENTATIONS = YES;
				CLANG_WARN_DIRECT_OBJC_ISA_USAGE = YES_ERROR;
				CLANG_WARN_DOCUMENTATION_COMMENTS = YES;
				CLANG_WARN_EMPTY_BODY = YES;
				CLANG_WARN_ENUM_CONVERSION = YES;
				CLANG_WARN_INFINITE_RECURSION = YES;
				CLANG_WARN_INT_CONVERSION = YES;
				CLANG_WARN_NON_LITERAL_NULL_CONVERSION = YES;
				CLANG_WARN_OBJC_IMPLICIT_RETAIN_SELF = YES;
				CLANG_WARN_OBJC_LITERAL_CONVERSION = YES;
				CLANG_WARN_OBJC_ROOT_CLASS = YES_ERROR;
				CLANG_WARN_QUOTED_INCLUDE_IN_FRAMEWORK_HEADER = YES;
				CLANG_WARN_RANGE_LOOP_ANALYSIS = YES;
				CLANG_WARN_STRICT_PROTOTYPES = YES;
				CLANG_WARN_SUSPICIOUS_MOVE = YES;
				CLANG_WARN_UNGUARDED_AVAILABILITY = YES_AGGRESSIVE;
				CLANG_WARN_UNREACHABLE_CODE = YES;
				CLANG_WARN__DUPLICATE_METHOD_MATCH = YES;
				COPY_PHASE_STRIP = NO;
				DEBUG_INFORMATION_FORMAT = dwarf;
				ENABLE_STRICT_OBJC_MSGSEND = YES;
				ENABLE_TESTABILITY = YES;
				ENABLE_USER_SCRIPT_SANDBOXING = YES;
				GCC_C_LANGUAGE_STANDARD = gnu17;
				GCC_DYNAMIC_NO_PIC = NO;
				GCC_NO_COMMON_BLOCKS = YES;
				GCC_OPTIMIZATION_LEVEL = 0;
				GCC_PREPROCESSOR_DEFINITIONS = (
					"DEBUG=1",
					"$(inherited)",
				);
				GCC_WARN_64_TO_32_BIT_CONVERSION = YES;
				GCC_WARN_ABOUT_RETURN_TYPE = YES_ERROR;
				GCC_WARN_UNDECLARED_SELECTOR = YES;
				GCC_WARN_UNINITIALIZED_AUTOS = YES_AGGRESSIVE;
				GCC_WARN_UNUSED_FUNCTION = YES;
				GCC_WARN_UNUSED_VARIABLE = YES;
				IPHONEOS_DEPLOYMENT_TARGET = 17.0;
				LOCALIZATION_PREFERS_STRING_CATALOGS = YES;
				MTL_ENABLE_DEBUG_INFO = INCLUDE_SOURCE;
				MTL_FAST_MATH = YES;
				ONLY_ACTIVE_ARCH = YES;
				SDKROOT = iphoneos;
				SWIFT_ACTIVE_COMPILATION_CONDITIONS = "DEBUG $(inherited)";
				SWIFT_OPTIMIZATION_LEVEL = "-Onone";
			};
			name = Debug;
		};
		1A0000211A0000010000001 /* Release configuration for PBXProject "CircularTimelineContacts" */ = {
			isa = XCBuildConfiguration;
			buildSettings = {
				ALWAYS_SEARCH_USER_PATHS = NO;
				ASSETCATALOG_COMPILER_GENERATE_SWIFT_ASSET_SYMBOL_EXTENSIONS = YES;
				CLANG_ANALYZER_NONNULL = YES;
				CLANG_ANALYZER_NUMBER_OBJECT_CONVERSION = YES_AGGRESSIVE;
				CLANG_CXX_LANGUAGE_STANDARD = "gnu++20";
				CLANG_ENABLE_MODULES = YES;
				CLANG_ENABLE_OBJC_ARC = YES;
				CLANG_ENABLE_OBJC_WEAK = YES;
				CLANG_WARN_BLOCK_CAPTURE_AUTORELEASING = YES;
				CLANG_WARN_BOOL_CONVERSION = YES;
				CLANG_WARN_COMMA = YES;
				CLANG_WARN_CONSTANT_CONVERSION = YES;
				CLANG_WARN_DEPRECATED_OBJC_IMPLEMENTATIONS = YES;
				CLANG_WARN_DIRECT_OBJC_ISA_USAGE = YES_ERROR;
				CLANG_WARN_DOCUMENTATION_COMMENTS = YES;
				CLANG_WARN_EMPTY_BODY = YES;
				CLANG_WARN_ENUM_CONVERSION = YES;
				CLANG_WARN_INFINITE_RECURSION = YES;
				CLANG_WARN_INT_CONVERSION = YES;
				CLANG_WARN_NON_LITERAL_NULL_CONVERSION = YES;
				CLANG_WARN_OBJC_IMPLICIT_RETAIN_SELF = YES;
				CLANG_WARN_OBJC_LITERAL_CONVERSION = YES;
				CLANG_WARN_OBJC_ROOT_CLASS = YES_ERROR;
				CLANG_WARN_QUOTED_INCLUDE_IN_FRAMEWORK_HEADER = YES;
				CLANG_WARN_RANGE_LOOP_ANALYSIS = YES;
				CLANG_WARN_STRICT_PROTOTYPES = YES;
				CLANG_WARN_SUSPICIOUS_MOVE = YES;
				CLANG_WARN_UNGUARDED_AVAILABILITY = YES_AGGRESSIVE;
				CLANG_WARN_UNREACHABLE_CODE = YES;
				CLANG_WARN__DUPLICATE_METHOD_MATCH = YES;
				COPY_PHASE_STRIP = NO;
				DEBUG_INFORMATION_FORMAT = "dwarf-with-dsym";
				ENABLE_NS_ASSERTIONS = NO;
				ENABLE_STRICT_OBJC_MSGSEND = YES;
				ENABLE_USER_SCRIPT_SANDBOXING = YES;
				GCC_C_LANGUAGE_STANDARD = gnu17;
				GCC_NO_COMMON_BLOCKS = YES;
				GCC_WARN_64_TO_32_BIT_CONVERSION = YES;
				GCC_WARN_ABOUT_RETURN_TYPE = YES_ERROR;
				GCC_WARN_UNDECLARED_SELECTOR = YES;
				GCC_WARN_UNINITIALIZED_AUTOS = YES_AGGRESSIVE;
				GCC_WARN_UNUSED_FUNCTION = YES;
				GCC_WARN_UNUSED_VARIABLE = YES;
				IPHONEOS_DEPLOYMENT_TARGET = 17.0;
				LOCALIZATION_PREFERS_STRING_CATALOGS = YES;
				MTL_ENABLE_DEBUG_INFO = NO;
				MTL_FAST_MATH = YES;
				SDKROOT = iphoneos;
				SWIFT_COMPILATION_MODE = wholemodule;
				VALIDATE_PRODUCT = YES;
			};
			name = Release;
		};
		1A0000221A0000010000001 /* Debug configuration for PBXNativeTarget "CircularTimelineContacts" */ = {
			isa = XCBuildConfiguration;
			buildSettings = {
				ASSETCATALOG_COMPILER_APPICON_NAME = AppIcon;
				ASSETCATALOG_COMPILER_GLOBAL_ACCENT_COLOR_NAME = AccentColor;
				CODE_SIGN_STYLE = Automatic;
				CURRENT_PROJECT_VERSION = 1;
				DEVELOPMENT_ASSET_PATHS = "";
				DEVELOPMENT_TEAM = 36MTPB2S53;
				ENABLE_PREVIEWS = YES;
				GENERATE_INFOPLIST_FILE = YES;
				INFOPLIST_FILE = CircularTimelineContacts/Info.plist;
				INFOPLIST_KEY_UIApplicationSceneManifest_Generation = YES;
				INFOPLIST_KEY_UIApplicationSupportsIndirectInputEvents = YES;
				INFOPLIST_KEY_UILaunchScreen_Generation = YES;
				INFOPLIST_KEY_UISupportedInterfaceOrientations_iPad = "UIInterfaceOrientationPortrait UIInterfaceOrientationPortraitUpsideDown UIInterfaceOrientationLandscapeLeft UIInterfaceOrientationLandscapeRight";
				INFOPLIST_KEY_UISupportedInterfaceOrientations_iPhone = "UIInterfaceOrientationPortrait UIInterfaceOrientationLandscapeLeft UIInterfaceOrientationLandscapeRight";
				IPHONEOS_DEPLOYMENT_TARGET = 17.0;
				LD_RUNPATH_SEARCH_PATHS = (
					"$(inherited)",
					"@executable_path/Frameworks",
				);
				MARKETING_VERSION = 1.0;
				PRODUCT_BUNDLE_IDENTIFIER = com.yourdomain.CircularTimelineContacts;
				PRODUCT_NAME = "$(TARGET_NAME)";
				SWIFT_EMIT_LOC_STRINGS = YES;
				SWIFT_VERSION = 5.0;
				TARGETED_DEVICE_FAMILY = "1,2";
			};
			name = Debug;
		};
		1A0000231A0000010000001 /* Release configuration for PBXNativeTarget "CircularTimelineContacts" */ = {
			isa = XCBuildConfiguration;
			buildSettings = {
				ASSETCATALOG_COMPILER_APPICON_NAME = AppIcon;
				ASSETCATALOG_COMPILER_GLOBAL_ACCENT_COLOR_NAME = AccentColor;
				CODE_SIGN_STYLE = Automatic;
				CURRENT_PROJECT_VERSION = 1;
				DEVELOPMENT_ASSET_PATHS = "";
				DEVELOPMENT_TEAM = 36MTPB2S53;
				ENABLE_PREVIEWS = YES;
				GENERATE_INFOPLIST_FILE = YES;
				INFOPLIST_FILE = CircularTimelineContacts/Info.plist;
				INFOPLIST_KEY_UIApplicationSceneManifest_Generation = YES;
				INFOPLIST_KEY_UIApplicationSupportsIndirectInputEvents = YES;
				INFOPLIST_KEY_UILaunchScreen_Generation = YES;
				INFOPLIST_KEY_UISupportedInterfaceOrientations_iPad = "UIInterfaceOrientationPortrait UIInterfaceOrientationPortraitUpsideDown UIInterfaceOrientationLandscapeLeft UIInterfaceOrientationLandscapeRight";
				INFOPLIST_KEY_UISupportedInterfaceOrientations_iPhone = "UIInterfaceOrientationPortrait UIInterfaceOrientationLandscapeLeft UIInterfaceOrientationLandscapeRight";
				IPHONEOS_DEPLOYMENT_TARGET = 17.0;
				LD_RUNPATH_SEARCH_PATHS = (
					"$(inherited)",
					"@executable_path/Frameworks",
				);
				MARKETING_VERSION = 1.0;
				PRODUCT_BUNDLE_IDENTIFIER = com.yourdomain.CircularTimelineContacts;
				PRODUCT_NAME = "$(TARGET_NAME)";
				SWIFT_EMIT_LOC_STRINGS = YES;
				SWIFT_VERSION = 5.0;
				TARGETED_DEVICE_FAMILY = "1,2";
			};
			name = Release;
		};
/* End XCBuildConfiguration section */

/* Begin XCConfigurationList section */
		1A00001B1A0000010000001 /* Build configuration list for PBXNativeTarget "CircularTimelineContacts" */ = {
			isa = XCConfigurationList;
			buildConfigurations = (
				1A0000221A0000010000001 /* Debug configuration for PBXNativeTarget "CircularTimelineContacts" */,
				1A0000231A0000010000001 /* Release configuration for PBXNativeTarget "CircularTimelineContacts" */,
			);
			defaultConfigurationName = Release;
		};
		1A00001F1A0000010000001 /* Build configuration list for PBXProject "CircularTimelineContacts" */ = {
			isa = XCConfigurationList;
			buildConfigurations = (
				1A0000201A0000010000001 /* Debug configuration for PBXProject "CircularTimelineContacts" */,
				1A0000211A0000010000001 /* Release configuration for PBXProject "CircularTimelineContacts" */,
			);
			defaultConfigurationName = Release;
		};
/* End XCConfigurationList section */
	};
	rootObject = 1A00001E1A0000010000001 /* Project object */;
}
